
Microsoft Visual Studio Solution File, Format Version 12.00
# Visual Studio 15
VisualStudioVersion = 15.0.27130.0
MinimumVisualStudioVersion = 10.0.40219.1
Project("{FAE04EC0-301F-11D3-BF4B-00C04F79EFBC}") = "Appointo.Client", "Appointo.Client\Appointo.Client.csproj", "{E8A0557A-EE99-4F1A-8080-24A1AA862960}"
EndProject
Project("{FAE04EC0-301F-11D3-BF4B-00C04F79EFBC}") = "Appointo.Entity", "Appointo.Entity\Appointo.Entity.csproj", "{72CCF0BC-9630-420A-85D9-CD5A54DA8F71}"
EndProject
Project("{FAE04EC0-301F-11D3-BF4B-00C04F79EFBC}") = "Appointo.Library", "Appointo.Library\Appointo.Library.csproj", "{857BBFDA-52DB-4A45-A561-097D2BDF7643}"
EndProject
Project("{FAE04EC0-301F-11D3-BF4B-00C04F79EFBC}") = "Appointo.Tests", "Appointo.Tests\Appointo.Tests.csproj", "{ECB3C332-A933-45C4-B457-2E5960EAC016}"
EndProject
Global
	GlobalSection(SolutionConfigurationPlatforms) = preSolution
		Debug|Any CPU = Debug|Any CPU
		Release|Any CPU = Release|Any CPU
	EndGlobalSection
	GlobalSection(ProjectConfigurationPlatforms) = postSolution
		{E8A0557A-EE99-4F1A-8080-24A1AA862960}.Debug|Any CPU.ActiveCfg = Debug|Any CPU
		{E8A0557A-EE99-4F1A-8080-24A1AA862960}.Debug|Any CPU.Build.0 = Debug|Any CPU
		{E8A0557A-EE99-4F1A-8080-24A1AA862960}.Release|Any CPU.ActiveCfg = Release|Any CPU
		{E8A0557A-EE99-4F1A-8080-24A1AA862960}.Release|Any CPU.Build.0 = Release|Any CPU
		{72CCF0BC-9630-420A-85D9-CD5A54DA8F71}.Debug|Any CPU.ActiveCfg = Debug|Any CPU
		{72CCF0BC-9630-420A-85D9-CD5A54DA8F71}.Debug|Any CPU.Build.0 = Debug|Any CPU
		{72CCF0BC-9630-420A-85D9-CD5A54DA8F71}.Release|Any CPU.ActiveCfg = Release|Any CPU
		{72CCF0BC-9630-420A-85D9-CD5A54DA8F71}.Release|Any CPU.Build.0 = Release|Any CPU
		{857BBFDA-52DB-4A45-A561-097D2BDF7643}.Debug|Any CPU.ActiveCfg = Debug|Any CPU
		{857BBFDA-52DB-4A45-A561-097D2BDF7643}.Debug|Any CPU.Build.0 = Debug|Any CPU
		{857BBFDA-52DB-4A45-A561-097D2BDF7643}.Release|Any CPU.ActiveCfg = Release|Any CPU
		{857BBFDA-52DB-4A45-A561-097D2BDF7643}.Release|Any CPU.Build.0 = Release|Any CPU
		{ECB3C332-A933-45C4-B457-2E5960EAC016}.Debug|Any CPU.ActiveCfg = Debug|Any CPU
		{ECB3C332-A933-45C4-B457-2E5960EAC016}.Debug|Any CPU.Build.0 = Debug|Any CPU
		{ECB3C332-A933-45C4-B457-2E5960EAC016}.Release|Any CPU.ActiveCfg = Release|Any CPU
		{ECB3C332-A933-45C4-B457-2E5960EAC016}.Release|Any CPU.Build.0 = Release|Any CPU
	EndGlobalSection
	GlobalSection(SolutionProperties) = preSolution
		HideSolutionNode = FALSE
	EndGlobalSection
	GlobalSection(ExtensibilityGlobals) = postSolution
		SolutionGuid = {145F7C84-982D-4B5A-88BC-BC2C5545D5CC}
	EndGlobalSection
EndGlobal
