
Microsoft Visual Studio Solution File, Format Version 12.00
# Visual Studio 15
VisualStudioVersion = 15.0.27130.2020
MinimumVisualStudioVersion = 10.0.40219.1
Project("{FAE04EC0-301F-11D3-BF4B-00C04F79EFBC}") = "Appointo.Entity", "Appointo.Entity\Appointo.Entity.csproj", "{72CCF0BC-9630-420A-85D9-CD5A54DA8F71}"
EndProject
Project("{FAE04EC0-301F-11D3-BF4B-00C04F79EFBC}") = "Appointo.Tests", "Appointo.Tests\Appointo.Tests.csproj", "{ECB3C332-A933-45C4-B457-2E5960EAC016}"
EndProject
Project("{FAE04EC0-301F-11D3-BF4B-00C04F79EFBC}") = "Appointo.Web", "Appointo.Web\Appointo.Web.csproj", "{95549505-3222-4C62-949A-FF545740BE55}"
EndProject
Project("{9A19103F-16F7-4668-BE54-9A1E7A4F7556}") = "Appointo.Service", "Appointo.Service\Appointo.Service.csproj", "{180763C8-6F03-485D-B83E-071D8C874CE7}"
EndProject
Project("{FAE04EC0-301F-11D3-BF4B-00C04F79EFBC}") = "Appointo.FService", "Appointo.FService\Appointo.FService.csproj", "{49B57184-CFF9-4FC4-9C79-FD2A548AFD4D}"
EndProject
Project("{FAE04EC0-301F-11D3-BF4B-00C04F79EFBC}") = "Appointo.Library", "Appointo.Library\Appointo.Library.csproj", "{CDDF50C6-AE19-4C4C-BA3B-634281BBA09A}"
EndProject
Project("{FAE04EC0-301F-11D3-BF4B-00C04F79EFBC}") = "Appointo.Data", "Appointo.Data\Appointo.Data.csproj", "{DBE98E5E-2FB6-49CB-8231-5A7E2AC05B7B}"
EndProject
Global
	GlobalSection(SolutionConfigurationPlatforms) = preSolution
		Debug|Any CPU = Debug|Any CPU
		Release|Any CPU = Release|Any CPU
	EndGlobalSection
	GlobalSection(ProjectConfigurationPlatforms) = postSolution
		{72CCF0BC-9630-420A-85D9-CD5A54DA8F71}.Debug|Any CPU.ActiveCfg = Debug|Any CPU
		{72CCF0BC-9630-420A-85D9-CD5A54DA8F71}.Debug|Any CPU.Build.0 = Debug|Any CPU
		{72CCF0BC-9630-420A-85D9-CD5A54DA8F71}.Release|Any CPU.ActiveCfg = Release|Any CPU
		{72CCF0BC-9630-420A-85D9-CD5A54DA8F71}.Release|Any CPU.Build.0 = Release|Any CPU
		{ECB3C332-A933-45C4-B457-2E5960EAC016}.Debug|Any CPU.ActiveCfg = Debug|Any CPU
		{ECB3C332-A933-45C4-B457-2E5960EAC016}.Debug|Any CPU.Build.0 = Debug|Any CPU
		{ECB3C332-A933-45C4-B457-2E5960EAC016}.Release|Any CPU.ActiveCfg = Release|Any CPU
		{ECB3C332-A933-45C4-B457-2E5960EAC016}.Release|Any CPU.Build.0 = Release|Any CPU
		{95549505-3222-4C62-949A-FF545740BE55}.Debug|Any CPU.ActiveCfg = Debug|Any CPU
		{95549505-3222-4C62-949A-FF545740BE55}.Debug|Any CPU.Build.0 = Debug|Any CPU
		{95549505-3222-4C62-949A-FF545740BE55}.Release|Any CPU.ActiveCfg = Release|Any CPU
		{95549505-3222-4C62-949A-FF545740BE55}.Release|Any CPU.Build.0 = Release|Any CPU
		{180763C8-6F03-485D-B83E-071D8C874CE7}.Debug|Any CPU.ActiveCfg = Debug|Any CPU
		{180763C8-6F03-485D-B83E-071D8C874CE7}.Debug|Any CPU.Build.0 = Debug|Any CPU
		{180763C8-6F03-485D-B83E-071D8C874CE7}.Release|Any CPU.ActiveCfg = Release|Any CPU
		{180763C8-6F03-485D-B83E-071D8C874CE7}.Release|Any CPU.Build.0 = Release|Any CPU
		{49B57184-CFF9-4FC4-9C79-FD2A548AFD4D}.Debug|Any CPU.ActiveCfg = Debug|Any CPU
		{49B57184-CFF9-4FC4-9C79-FD2A548AFD4D}.Debug|Any CPU.Build.0 = Debug|Any CPU
		{49B57184-CFF9-4FC4-9C79-FD2A548AFD4D}.Release|Any CPU.ActiveCfg = Release|Any CPU
		{49B57184-CFF9-4FC4-9C79-FD2A548AFD4D}.Release|Any CPU.Build.0 = Release|Any CPU
		{CDDF50C6-AE19-4C4C-BA3B-634281BBA09A}.Debug|Any CPU.ActiveCfg = Debug|Any CPU
		{CDDF50C6-AE19-4C4C-BA3B-634281BBA09A}.Debug|Any CPU.Build.0 = Debug|Any CPU
		{CDDF50C6-AE19-4C4C-BA3B-634281BBA09A}.Release|Any CPU.ActiveCfg = Release|Any CPU
		{CDDF50C6-AE19-4C4C-BA3B-634281BBA09A}.Release|Any CPU.Build.0 = Release|Any CPU
		{DBE98E5E-2FB6-49CB-8231-5A7E2AC05B7B}.Debug|Any CPU.ActiveCfg = Debug|Any CPU
		{DBE98E5E-2FB6-49CB-8231-5A7E2AC05B7B}.Debug|Any CPU.Build.0 = Debug|Any CPU
		{DBE98E5E-2FB6-49CB-8231-5A7E2AC05B7B}.Release|Any CPU.ActiveCfg = Release|Any CPU
		{DBE98E5E-2FB6-49CB-8231-5A7E2AC05B7B}.Release|Any CPU.Build.0 = Release|Any CPU
	EndGlobalSection
	GlobalSection(SolutionProperties) = preSolution
		HideSolutionNode = FALSE
	EndGlobalSection
	GlobalSection(ExtensibilityGlobals) = postSolution
		SolutionGuid = {145F7C84-982D-4B5A-88BC-BC2C5545D5CC}
	EndGlobalSection
EndGlobal
